github.com/Ange9/dog v0.0.0-20231214210440-eaa604ffbc23 h1:NI5STCLMQ1YR6mp6yFduDkzTAqApSLxqA437nPTaAL4=
github.com/Ange9/dog v0.0.0-20231214210440-eaa604ffbc23/go.mod h1:4fpcCSMQYPHSMKnuhxIq///e2BSAZGh+qf1t/hrii7g=
github.com/Ange9/dog v0.0.0-20231214212258-ac2c720a347a h1:QiXZ3mHDiKhDwmRYeOHrpuUfv1fAiWBJmldxZ1bjwGY=
github.com/Ange9/dog v0.0.0-20231214212258-ac2c720a347a/go.mod h1:4fpcCSMQYPHSMKnuhxIq///e2BSAZGh+qf1t/hrii7g=
